
Microsoft Visual Studio Solution File, Format Version 12.00
# Visual Studio Version 17
VisualStudioVersion = 17.9.34728.123
MinimumVisualStudioVersion = 10.0.40219.1
Project("{FAE04EC0-301F-11D3-BF4B-00C04F79EFBC}") = "events", "events\events.csproj", "{5CB54FF5-141D-46B2-A977-1401F91C4916}"
EndProject
Global
	GlobalSection(SolutionConfigurationPlatforms) = preSolution
		Debug|Any CPU = Debug|Any CPU
		Release|Any CPU = Release|Any CPU
	EndGlobalSection
	GlobalSection(ProjectConfigurationPlatforms) = postSolution
		{5CB54FF5-141D-46B2-A977-1401F91C4916}.Debug|Any CPU.ActiveCfg = Debug|Any CPU
		{5CB54FF5-141D-46B2-A977-1401F91C4916}.Debug|Any CPU.Build.0 = Debug|Any CPU
		{5CB54FF5-141D-46B2-A977-1401F91C4916}.Release|Any CPU.ActiveCfg = Release|Any CPU
		{5CB54FF5-141D-46B2-A977-1401F91C4916}.Release|Any CPU.Build.0 = Release|Any CPU
	EndGlobalSection
	GlobalSection(SolutionProperties) = preSolution
		HideSolutionNode = FALSE
	EndGlobalSection
	GlobalSection(ExtensibilityGlobals) = postSolution
		SolutionGuid = {97CE88D3-86CC-4ED8-9484-FB8FD6D36EE1}
	EndGlobalSection
EndGlobal
